lockfileVersion: '9.0'

settings:
  autoInstallPeers: true
  excludeLinksFromLockfile: false

importers:

  .:
    dependencies:
      '@monaco-editor/react':
        specifier: ^4.7.0
        version: 4.7.0(monaco-editor@0.55.1)(react-dom@19.1.6(react@19.1.6))(react@19.1.6)
      react:
        specifier: ~19.1.0
        version: 19.1.6
      react-dom:
        specifier: ~19.1.0
        version: 19.1.6(react@19.1.6)

packages:

  '@monaco-editor/loader@1.7.0':
    resolution: {integrity: sha512-gIwR1HrJrrx+vfyOhYmCZ0/JcWqG5kbfG7+d3f/C1LXk2EvzAbHSg3MQ5lO2sMlo9izoAZ04shohfKLVT6crVA==}

  '@monaco-editor/react@4.7.0':
    resolution: {integrity: sha512-cyzXQCtO47ydzxpQtCGSQGOC8Gk3ZUeBXFAxD+CWXYFo5OqZyZUonFl0DwUlTyAfRHntBfw2p3w4s9R6oe1eCA==}
    peerDependencies:
      monaco-editor: '>= 0.25.0 < 1'
      react: ^16.8.0 || ^17.0.0 || ^18.0.0 || ^19.0.0
      react-dom: ^16.8.0 || ^17.0.0 || ^18.0.0 || ^19.0.0

  '@types/trusted-types@2.0.7':
    resolution: {integrity: sha512-ScaPdn1dQczgbl0QFTeTOmVHFULt394XJgOQNoyVhZ6r2vLnMLJfBPd53SB52T/3G36VI1/g2MZaX0cwDuXsfw==}

  dompurify@3.2.7:
    resolution: {integrity: sha512-WhL/YuveyGXJaerVlMYGWhvQswa7myDG17P7Vu65EWC05o8vfeNbvNf4d/BOvH99+ZW+LlQsc1GDKMa1vNK6dw==}

  marked@14.0.0:
    resolution: {integrity: sha512-uIj4+faQ+MgHgwUW1l2PsPglZLOLOT1uErt06dAPtx2kjteLAkbsd/0FiYg/MGS+i7ZKLb7w2WClxHkzOOuryQ==}
    engines: {node: '>= 18'}
    hasBin: true

  monaco-editor@0.55.1:
    resolution: {integrity: sha512-jz4x+TJNFHwHtwuV9vA9rMujcZRb0CEilTEwG2rRSpe/A7Jdkuj8xPKttCgOh+v/lkHy7HsZ64oj+q3xoAFl9A==}

  react-dom@19.1.6:
    resolution: {integrity: sha512-oBnyV4xf0DWU7/iIFFjwS8CD/AL9MaXywTDpdKjq03d8JSNmvRbTUrHHm2nRpuOhXRMvzFSlWnGKJjyxwg903Q==}
    peerDependencies:
      react: ^19.1.6

  react@19.1.6:
    resolution: {integrity: sha512-GVXa6S2mNw6QQg1KZRnX7fB/3F5sEy+7nsL8IrrlOLDxKXyfR97ZP3hNvWidFy1YkJlUvMYpeqUFxwY1ez6h3A==}
    engines: {node: '>=0.10.0'}

  scheduler@0.26.0:
    resolution: {integrity: sha512-NlHwttCI/l5gCPR3D1nNXtWABUmBwvZpEQiD4IXSbIDq8BzLIK/7Ir5gTFSGZDUu37K5cMNp0hFtzO38sC7gWA==}

  state-local@1.0.7:
    resolution: {integrity: sha512-HTEHMNieakEnoe33shBYcZ7NX83ACUjCu8c40iOGEZsngj9zRnkqS9j1pqQPXwobB0ZcVTk27REb7COQ0UR59w==}

snapshots:

  '@monaco-editor/loader@1.7.0':
    dependencies:
      state-local: 1.0.7

  '@monaco-editor/react@4.7.0(monaco-editor@0.55.1)(react-dom@19.1.6(react@19.1.6))(react@19.1.6)':
    dependencies:
      '@monaco-editor/loader': 1.7.0
      monaco-editor: 0.55.1
      react: 19.1.6
      react-dom: 19.1.6(react@19.1.6)

  '@types/trusted-types@2.0.7':
    optional: true

  dompurify@3.2.7:
    optionalDependencies:
      '@types/trusted-types': 2.0.7

  marked@14.0.0: {}

  monaco-editor@0.55.1:
    dependencies:
      dompurify: 3.2.7
      marked: 14.0.0

  react-dom@19.1.6(react@19.1.6):
    dependencies:
      react: 19.1.6
      scheduler: 0.26.0

  react@19.1.6: {}

  scheduler@0.26.0: {}

  state-local@1.0.7: {}
